// !$*UTF8*$!
{
	archiveVersion = 1;
	classes = {
	};
	objectVersion = 56;
	objects = {

/* Begin PBXBuildFile section */
		3B94E2FD2C23E35D001FB9B9 /* ClickaDoApp.swift in Sources */ = {isa = PBXBuildFile; fileRef = 3B94E2FC2C23E35D001FB9B9 /* ClickaDoApp.swift */; };
		3B94E2FF2C23E35D001FB9B9 /* ContentView.swift in Sources */ = {isa = PBXBuildFile; fileRef = 3B94E2FE2C23E35D001FB9B9 /* ContentView.swift */; };
		3B94E3012C23E35E001FB9B9 /* Assets.xcassets in Resources */ = {isa = PBXBuildFile; fileRef = 3B94E3002C23E35E001FB9B9 /* Assets.xcassets */; };
		3B94E3052C23E35E001FB9B9 /* Preview Assets.xcassets in Resources */ = {isa = PBXBuildFile; fileRef = 3B94E3042C23E35E001FB9B9 /* Preview Assets.xcassets */; };
		3B94E30F2C23E35E001FB9B9 /* ClickaDoTests.swift in Sources */ = {isa = PBXBuildFile; fileRef = 3B94E30E2C23E35E001FB9B9 /* ClickaDoTests.swift */; };
		3B94E3192C23E35E001FB9B9 /* ClickaDoUITests.swift in Sources */ = {isa = PBXBuildFile; fileRef = 3B94E3182C23E35E001FB9B9 /* ClickaDoUITests.swift */; };
		3B94E31B2C23E35E001FB9B9 /* ClickaDoUITestsLaunchTests.swift in Sources */ = {isa = PBXBuildFile; fileRef = 3B94E31A2C23E35E001FB9B9 /* ClickaDoUITestsLaunchTests.swift */; };
/* End PBXBuildFile section */

/* Begin PBXContainerItemProxy section */
		3B94E30B2C23E35E001FB9B9 /* PBXContainerItemProxy */ = {
			isa = PBXContainerItemProxy;
			containerPortal = 3B94E2F12C23E35D001FB9B9 /* Project object */;
			proxyType = 1;
			remoteGlobalIDString = 3B94E2F82C23E35D001FB9B9;
			remoteInfo = ClickaDo;
		};
		3B94E3152C23E35E001FB9B9 /* PBXContainerItemProxy */ = {
			isa = PBXContainerItemProxy;
			containerPortal = 3B94E2F12C23E35D001FB9B9 /* Project object */;
			proxyType = 1;
			remoteGlobalIDString = 3B94E2F82C23E35D001FB9B9;
			remoteInfo = ClickaDo;
		};
/* End PBXContainerItemProxy section */

/* Begin PBXFileReference section */
		3B94E2F92C23E35D001FB9B9 /* ClickaDo.app */ = {isa = PBXFileReference; explicitFileType = wrapper.application; includeInIndex = 0; path = ClickaDo.app; sourceTree = BUILT_PRODUCTS_DIR; };
		3B94E2FC2C23E35D001FB9B9 /* ClickaDoApp.swift */ = {isa = PBXFileReference; lastKnownFileType = sourcecode.swift; path = ClickaDoApp.swift; sourceTree = "<group>"; };
		3B94E2FE2C23E35D001FB9B9 /* ContentView.swift */ = {isa = PBXFileReference; lastKnownFileType = sourcecode.swift; path = ContentView.swift; sourceTree = "<group>"; };
		3B94E3002C23E35E001FB9B9 /* Assets.xcassets */ = {isa = PBXFileReference; lastKnownFileType = folder.assetcatalog; path = Assets.xcassets; sourceTree = "<group>"; };
		3B94E3022C23E35E001FB9B9 /* ClickaDo.entitlements */ = {isa = PBXFileReference; lastKnownFileType = text.plist.entitlements; path = ClickaDo.entitlements; sourceTree = "<group>"; };
		3B94E3042C23E35E001FB9B9 /* Preview Assets.xcassets */ = {isa = PBXFileReference; lastKnownFileType = folder.assetcatalog; path = "Preview Assets.xcassets"; sourceTree = "<group>"; };
		3B94E30A2C23E35E001FB9B9 /* ClickaDoTests.xctest */ = {isa = PBXFileReference; explicitFileType = wrapper.cfbundle; includeInIndex = 0; path = ClickaDoTests.xctest; sourceTree = BUILT_PRODUCTS_DIR; };
		3B94E30E2C23E35E001FB9B9 /* ClickaDoTests.swift */ = {isa = PBXFileReference; lastKnownFileType = sourcecode.swift; path = ClickaDoTests.swift; sourceTree = "<group>"; };
		3B94E3142C23E35E001FB9B9 /* ClickaDoUITests.xctest */ = {isa = PBXFileReference; explicitFileType = wrapper.cfbundle; includeInIndex = 0; path = ClickaDoUITests.xctest; sourceTree = BUILT_PRODUCTS_DIR; };
		3B94E3182C23E35E001FB9B9 /* ClickaDoUITests.swift */ = {isa = PBXFileReference; lastKnownFileType = sourcecode.swift; path = ClickaDoUITests.swift; sourceTree = "<group>"; };
		3B94E31A2C23E35E001FB9B9 /* ClickaDoUITestsLaunchTests.swift */ = {isa = PBXFileReference; lastKnownFileType = sourcecode.swift; path = ClickaDoUITestsLaunchTests.swift; sourceTree = "<group>"; };
/* End PBXFileReference section */

/* Begin PBXFrameworksBuildPhase section */
		3B94E2F62C23E35D001FB9B9 /* Frameworks */ = {
			isa = PBXFrameworksBuildPhase;
			buildActionMask = 2147483647;
			files = (
			);
			runOnlyForDeploymentPostprocessing = 0;
		};
		3B94E3072C23E35E001FB9B9 /* Frameworks */ = {
			isa = PBXFrameworksBuildPhase;
			buildActionMask = 2147483647;
			files = (
			);
			runOnlyForDeploymentPostprocessing = 0;
		};
		3B94E3112C23E35E001FB9B9 /* Frameworks */ = {
			isa = PBXFrameworksBuildPhase;
			buildActionMask = 2147483647;
			files = (
			);
			runOnlyForDeploymentPostprocessing = 0;
		};
/* End PBXFrameworksBuildPhase section */

/* Begin PBXGroup section */
		3B94E2F02C23E35D001FB9B9 = {
			isa = PBXGroup;
			children = (
				3B94E2FB2C23E35D001FB9B9 /* ClickaDo */,
				3B94E30D2C23E35E001FB9B9 /* ClickaDoTests */,
				3B94E3172C23E35E001FB9B9 /* ClickaDoUITests */,
				3B94E2FA2C23E35D001FB9B9 /* Products */,
			);
			sourceTree = "<group>";
		};
		3B94E2FA2C23E35D001FB9B9 /* Products */ = {
			isa = PBXGroup;
			children = (
				3B94E2F92C23E35D001FB9B9 /* ClickaDo.app */,
				3B94E30A2C23E35E001FB9B9 /* ClickaDoTests.xctest */,
				3B94E3142C23E35E001FB9B9 /* ClickaDoUITests.xctest */,
			);
			name = Products;
			sourceTree = "<group>";
		};
		3B94E2FB2C23E35D001FB9B9 /* ClickaDo */ = {
			isa = PBXGroup;
			children = (
				3B94E2FC2C23E35D001FB9B9 /* ClickaDoApp.swift */,
				3B94E2FE2C23E35D001FB9B9 /* ContentView.swift */,
				3B94E3002C23E35E001FB9B9 /* Assets.xcassets */,
				3B94E3022C23E35E001FB9B9 /* ClickaDo.entitlements */,
				3B94E3032C23E35E001FB9B9 /* Preview Content */,
			);
			path = ClickaDo;
			sourceTree = "<group>";
		};
		3B94E3032C23E35E001FB9B9 /* Preview Content */ = {
			isa = PBXGroup;
			children = (
				3B94E3042C23E35E001FB9B9 /* Preview Assets.xcassets */,
			);
			path = "Preview Content";
			sourceTree = "<group>";
		};
		3B94E30D2C23E35E001FB9B9 /* ClickaDoTests */ = {
			isa = PBXGroup;
			children = (
				3B94E30E2C23E35E001FB9B9 /* ClickaDoTests.swift */,
			);
			path = ClickaDoTests;
			sourceTree = "<group>";
		};
		3B94E3172C23E35E001FB9B9 /* ClickaDoUITests */ = {
			isa = PBXGroup;
			children = (
				3B94E3182C23E35E001FB9B9 /* ClickaDoUITests.swift */,
				3B94E31A2C23E35E001FB9B9 /* ClickaDoUITestsLaunchTests.swift */,
			);
			path = ClickaDoUITests;
			sourceTree = "<group>";
		};
/* End PBXGroup section */

/* Begin PBXNativeTarget section */
		3B94E2F82C23E35D001FB9B9 /* ClickaDo */ = {
			isa = PBXNativeTarget;
			buildConfigurationList = 3B94E31E2C23E35E001FB9B9 /* Build configuration list for PBXNativeTarget "ClickaDo" */;
			buildPhases = (
				3B94E2F52C23E35D001FB9B9 /* Sources */,
				3B94E2F62C23E35D001FB9B9 /* Frameworks */,
				3B94E2F72C23E35D001FB9B9 /* Resources */,
			);
			buildRules = (
			);
			dependencies = (
			);
			name = ClickaDo;
			productName = ClickaDo;
			productReference = 3B94E2F92C23E35D001FB9B9 /* ClickaDo.app */;
			productType = "com.apple.product-type.application";
		};
		3B94E3092C23E35E001FB9B9 /* ClickaDoTests */ = {
			isa = PBXNativeTarget;
			buildConfigurationList = 3B94E3212C23E35E001FB9B9 /* Build configuration list for PBXNativeTarget "ClickaDoTests" */;
			buildPhases = (
				3B94E3062C23E35E001FB9B9 /* Sources */,
				3B94E3072C23E35E001FB9B9 /* Frameworks */,
				3B94E3082C23E35E001FB9B9 /* Resources */,
			);
			buildRules = (
			);
			dependencies = (
				3B94E30C2C23E35E001FB9B9 /* PBXTargetDependency */,
			);
			name = ClickaDoTests;
			productName = ClickaDoTests;
			productReference = 3B94E30A2C23E35E001FB9B9 /* ClickaDoTests.xctest */;
			productType = "com.apple.product-type.bundle.unit-test";
		};
		3B94E3132C23E35E001FB9B9 /* ClickaDoUITests */ = {
			isa = PBXNativeTarget;
			buildConfigurationList = 3B94E3242C23E35E001FB9B9 /* Build configuration list for PBXNativeTarget "ClickaDoUITests" */;
			buildPhases = (
				3B94E3102C23E35E001FB9B9 /* Sources */,
				3B94E3112C23E35E001FB9B9 /* Frameworks */,
				3B94E3122C23E35E001FB9B9 /* Resources */,
			);
			buildRules = (
			);
			dependencies = (
				3B94E3162C23E35E001FB9B9 /* PBXTargetDependency */,
			);
			name = ClickaDoUITests;
			productName = ClickaDoUITests;
			productReference = 3B94E3142C23E35E001FB9B9 /* ClickaDoUITests.xctest */;
			productType = "com.apple.product-type.bundle.ui-testing";
		};
/* End PBXNativeTarget section */

/* Begin PBXProject section */
		3B94E2F12C23E35D001FB9B9 /* Project object */ = {
			isa = PBXProject;
			attributes = {
				BuildIndependentTargetsInParallel = 1;
				LastSwiftUpdateCheck = 1540;
				LastUpgradeCheck = 1540;
				TargetAttributes = {
					3B94E2F82C23E35D001FB9B9 = {
						CreatedOnToolsVersion = 15.4;
					};
					3B94E3092C23E35E001FB9B9 = {
						CreatedOnToolsVersion = 15.4;
						TestTargetID = 3B94E2F82C23E35D001FB9B9;
					};
					3B94E3132C23E35E001FB9B9 = {
						CreatedOnToolsVersion = 15.4;
						TestTargetID = 3B94E2F82C23E35D001FB9B9;
					};
				};
			};
			buildConfigurationList = 3B94E2F42C23E35D001FB9B9 /* Build configuration list for PBXProject "ClickaDo" */;
			compatibilityVersion = "Xcode 14.0";
			developmentRegion = en;
			hasScannedForEncodings = 0;
			knownRegions = (
				en,
				Base,
			);
			mainGroup = 3B94E2F02C23E35D001FB9B9;
			productRefGroup = 3B94E2FA2C23E35D001FB9B9 /* Products */;
			projectDirPath = "";
			projectRoot = "";
			targets = (
				3B94E2F82C23E35D001FB9B9 /* ClickaDo */,
				3B94E3092C23E35E001FB9B9 /* ClickaDoTests */,
				3B94E3132C23E35E001FB9B9 /* ClickaDoUITests */,
			);
		};
/* End PBXProject section */

/* Begin PBXResourcesBuildPhase section */
		3B94E2F72C23E35D001FB9B9 /* Resources */ = {
			isa = PBXResourcesBuildPhase;
			buildActionMask = 2147483647;
			files = (
				3B94E3052C23E35E001FB9B9 /* Preview Assets.xcassets in Resources */,
				3B94E3012C23E35E001FB9B9 /* Assets.xcassets in Resources */,
			);
			runOnlyForDeploymentPostprocessing = 0;
		};
		3B94E3082C23E35E001FB9B9 /* Resources */ = {
			isa = PBXResourcesBuildPhase;
			buildActionMask = 2147483647;
			files = (
			);
			runOnlyForDeploymentPostprocessing = 0;
		};
		3B94E3122C23E35E001FB9B9 /* Resources */ = {
			isa = PBXResourcesBuildPhase;
			buildActionMask = 2147483647;
			files = (
			);
			runOnlyForDeploymentPostprocessing = 0;
		};
/* End PBXResourcesBuildPhase section */

/* Begin PBXSourcesBuildPhase section */
		3B94E2F52C23E35D001FB9B9 /* Sources */ = {
			isa = PBXSourcesBuildPhase;
			buildActionMask = 2147483647;
			files = (
				3B94E2FF2C23E35D001FB9B9 /* ContentView.swift in Sources */,
				3B94E2FD2C23E35D001FB9B9 /* ClickaDoApp.swift in Sources */,
			);
			runOnlyForDeploymentPostprocessing = 0;
		};
		3B94E3062C23E35E001FB9B9 /* Sources */ = {
			isa = PBXSourcesBuildPhase;
			buildActionMask = 2147483647;
			files = (
				3B94E30F2C23E35E001FB9B9 /* ClickaDoTests.swift in Sources */,
			);
			runOnlyForDeploymentPostprocessing = 0;
		};
		3B94E3102C23E35E001FB9B9 /* Sources */ = {
			isa = PBXSourcesBuildPhase;
			buildActionMask = 2147483647;
			files = (
				3B94E31B2C23E35E001FB9B9 /* ClickaDoUITestsLaunchTests.swift in Sources */,
				3B94E3192C23E35E001FB9B9 /* ClickaDoUITests.swift in Sources */,
			);
			runOnlyForDeploymentPostprocessing = 0;
		};
/* End PBXSourcesBuildPhase section */

/* Begin PBXTargetDependency section */
		3B94E30C2C23E35E001FB9B9 /* PBXTargetDependency */ = {
			isa = PBXTargetDependency;
			target = 3B94E2F82C23E35D001FB9B9 /* ClickaDo */;
			targetProxy = 3B94E30B2C23E35E001FB9B9 /* PBXContainerItemProxy */;
		};
		3B94E3162C23E35E001FB9B9 /* PBXTargetDependency */ = {
			isa = PBXTargetDependency;
			target = 3B94E2F82C23E35D001FB9B9 /* ClickaDo */;
			targetProxy = 3B94E3152C23E35E001FB9B9 /* PBXContainerItemProxy */;
		};
/* End PBXTargetDependency section */

/* Begin XCBuildConfiguration section */
		3B94E31C2C23E35E001FB9B9 /* Debug */ = {
			isa = XCBuildConfiguration;
			buildSettings = {
				ALWAYS_SEARCH_USER_PATHS = NO;
				ASSETCATALOG_COMPILER_GENERATE_SWIFT_ASSET_SYMBOL_EXTENSIONS = YES;
				CLANG_ANALYZER_NONNULL = YES;
				CLANG_ANALYZER_NUMBER_OBJECT_CONVERSION = YES_AGGRESSIVE;
				CLANG_CXX_LANGUAGE_STANDARD = "gnu++20";
				CLANG_ENABLE_MODULES = YES;
				CLANG_ENABLE_OBJC_ARC = YES;
				CLANG_ENABLE_OBJC_WEAK = YES;
				CLANG_WARN_BLOCK_CAPTURE_AUTORELEASING = YES;
				CLANG_WARN_BOOL_CONVERSION = YES;
				CLANG_WARN_COMMA = YES;
				CLANG_WARN_CONSTANT_CONVERSION = YES;
				CLANG_WARN_DEPRECATED_OBJC_IMPLEMENTATIONS = YES;
				CLANG_WARN_DIRECT_OBJC_ISA_USAGE = YES_ERROR;
				CLANG_WARN_DOCUMENTATION_COMMENTS = YES;
				CLANG_WARN_EMPTY_BODY = YES;
				CLANG_WARN_ENUM_CONVERSION = YES;
				CLANG_WARN_INFINITE_RECURSION = YES;
				CLANG_WARN_INT_CONVERSION = YES;
				CLANG_WARN_NON_LITERAL_NULL_CONVERSION = YES;
				CLANG_WARN_OBJC_IMPLICIT_RETAIN_SELF = YES;
				CLANG_WARN_OBJC_LITERAL_CONVERSION = YES;
				CLANG_WARN_OBJC_ROOT_CLASS = YES_ERROR;
				CLANG_WARN_QUOTED_INCLUDE_IN_FRAMEWORK_HEADER = YES;
				CLANG_WARN_RANGE_LOOP_ANALYSIS = YES;
				CLANG_WARN_STRICT_PROTOTYPES = YES;
				CLANG_WARN_SUSPICIOUS_MOVE = YES;
				CLANG_WARN_UNGUARDED_AVAILABILITY = YES_AGGRESSIVE;
				CLANG_WARN_UNREACHABLE_CODE = YES;
				CLANG_WARN__DUPLICATE_METHOD_MATCH = YES;
				COPY_PHASE_STRIP = NO;
				DEBUG_INFORMATION_FORMAT = dwarf;
				ENABLE_STRICT_OBJC_MSGSEND = YES;
				ENABLE_TESTABILITY = YES;
				ENABLE_USER_SCRIPT_SANDBOXING = YES;
				GCC_C_LANGUAGE_STANDARD = gnu17;
				GCC_DYNAMIC_NO_PIC = NO;
				GCC_NO_COMMON_BLOCKS = YES;
				GCC_OPTIMIZATION_LEVEL = 0;
				GCC_PREPROCESSOR_DEFINITIONS = (
					"DEBUG=1",
					"$(inherited)",
				);
				GCC_WARN_64_TO_32_BIT_CONVERSION = YES;
				GCC_WARN_ABOUT_RETURN_TYPE = YES_ERROR;
				GCC_WARN_UNDECLARED_SELECTOR = YES;
				GCC_WARN_UNINITIALIZED_AUTOS = YES_AGGRESSIVE;
				GCC_WARN_UNUSED_FUNCTION = YES;
				GCC_WARN_UNUSED_VARIABLE = YES;
				LOCALIZATION_PREFERS_STRING_CATALOGS = YES;
				MTL_ENABLE_DEBUG_INFO = INCLUDE_SOURCE;
				MTL_FAST_MATH = YES;
				ONLY_ACTIVE_ARCH = YES;
				SWIFT_ACTIVE_COMPILATION_CONDITIONS = "DEBUG $(inherited)";
				SWIFT_OPTIMIZATION_LEVEL = "-Onone";
			};
			name = Debug;
		};
		3B94E31D2C23E35E001FB9B9 /* Release */ = {
			isa = XCBuildConfiguration;
			buildSettings = {
				ALWAYS_SEARCH_USER_PATHS = NO;
				ASSETCATALOG_COMPILER_GENERATE_SWIFT_ASSET_SYMBOL_EXTENSIONS = YES;
				CLANG_ANALYZER_NONNULL = YES;
				CLANG_ANALYZER_NUMBER_OBJECT_CONVERSION = YES_AGGRESSIVE;
				CLANG_CXX_LANGUAGE_STANDARD = "gnu++20";
				CLANG_ENABLE_MODULES = YES;
				CLANG_ENABLE_OBJC_ARC = YES;
				CLANG_ENABLE_OBJC_WEAK = YES;
				CLANG_WARN_BLOCK_CAPTURE_AUTORELEASING = YES;
				CLANG_WARN_BOOL_CONVERSION = YES;
				CLANG_WARN_COMMA = YES;
				CLANG_WARN_CONSTANT_CONVERSION = YES;
				CLANG_WARN_DEPRECATED_OBJC_IMPLEMENTATIONS = YES;
				CLANG_WARN_DIRECT_OBJC_ISA_USAGE = YES_ERROR;
				CLANG_WARN_DOCUMENTATION_COMMENTS = YES;
				CLANG_WARN_EMPTY_BODY = YES;
				CLANG_WARN_ENUM_CONVERSION = YES;
				CLANG_WARN_INFINITE_RECURSION = YES;
				CLANG_WARN_INT_CONVERSION = YES;
				CLANG_WARN_NON_LITERAL_NULL_CONVERSION = YES;
				CLANG_WARN_OBJC_IMPLICIT_RETAIN_SELF = YES;
				CLANG_WARN_OBJC_LITERAL_CONVERSION = YES;
				CLANG_WARN_OBJC_ROOT_CLASS = YES_ERROR;
				CLANG_WARN_QUOTED_INCLUDE_IN_FRAMEWORK_HEADER = YES;
				CLANG_WARN_RANGE_LOOP_ANALYSIS = YES;
				CLANG_WARN_STRICT_PROTOTYPES = YES;
				CLANG_WARN_SUSPICIOUS_MOVE = YES;
				CLANG_WARN_UNGUARDED_AVAILABILITY = YES_AGGRESSIVE;
				CLANG_WARN_UNREACHABLE_CODE = YES;
				CLANG_WARN__DUPLICATE_METHOD_MATCH = YES;
				COPY_PHASE_STRIP = NO;
				DEBUG_INFORMATION_FORMAT = "dwarf-with-dsym";
				ENABLE_NS_ASSERTIONS = NO;
				ENABLE_STRICT_OBJC_MSGSEND = YES;
				ENABLE_USER_SCRIPT_SANDBOXING = YES;
				GCC_C_LANGUAGE_STANDARD = gnu17;
				GCC_NO_COMMON_BLOCKS = YES;
				GCC_WARN_64_TO_32_BIT_CONVERSION = YES;
				GCC_WARN_ABOUT_RETURN_TYPE = YES_ERROR;
				GCC_WARN_UNDECLARED_SELECTOR = YES;
				GCC_WARN_UNINITIALIZED_AUTOS = YES_AGGRESSIVE;
				GCC_WARN_UNUSED_FUNCTION = YES;
				GCC_WARN_UNUSED_VARIABLE = YES;
				LOCALIZATION_PREFERS_STRING_CATALOGS = YES;
				MTL_ENABLE_DEBUG_INFO = NO;
				MTL_FAST_MATH = YES;
				SWIFT_COMPILATION_MODE = wholemodule;
			};
			name = Release;
		};
		3B94E31F2C23E35E001FB9B9 /* Debug */ = {
			isa = XCBuildConfiguration;
			buildSettings = {
				ASSETCATALOG_COMPILER_APPICON_NAME = AppIcon;
				ASSETCATALOG_COMPILER_GLOBAL_ACCENT_COLOR_NAME = AccentColor;
				CODE_SIGN_ENTITLEMENTS = ClickaDo/ClickaDo.entitlements;
				CODE_SIGN_STYLE = Automatic;
				CURRENT_PROJECT_VERSION = 1;
				DEVELOPMENT_ASSET_PATHS = "\"ClickaDo/Preview Content\"";
				ENABLE_PREVIEWS = YES;
				GENERATE_INFOPLIST_FILE = YES;
				"INFOPLIST_KEY_UIApplicationSceneManifest_Generation[sdk=iphoneos*]" = YES;
				"INFOPLIST_KEY_UIApplicationSceneManifest_Generation[sdk=iphonesimulator*]" = YES;
				"INFOPLIST_KEY_UIApplicationSupportsIndirectInputEvents[sdk=iphoneos*]" = YES;
				"INFOPLIST_KEY_UIApplicationSupportsIndirectInputEvents[sdk=iphonesimulator*]" = YES;
				"INFOPLIST_KEY_UILaunchScreen_Generation[sdk=iphoneos*]" = YES;
				"INFOPLIST_KEY_UILaunchScreen_Generation[sdk=iphonesimulator*]" = YES;
				"INFOPLIST_KEY_UIStatusBarStyle[sdk=iphoneos*]" = UIStatusBarStyleDefault;
				"INFOPLIST_KEY_UIStatusBarStyle[sdk=iphonesimulator*]" = UIStatusBarStyleDefault;
				INFOPLIST_KEY_UISupportedInterfaceOrientations_iPad = "UIInterfaceOrientationPortrait UIInterfaceOrientationPortraitUpsideDown UIInterfaceOrientationLandscapeLeft UIInterfaceOrientationLandscapeRight";
				INFOPLIST_KEY_UISupportedInterfaceOrientations_iPhone = "UIInterfaceOrientationPortrait UIInterfaceOrientationLandscapeLeft UIInterfaceOrientationLandscapeRight";
				IPHONEOS_DEPLOYMENT_TARGET = 17.5;
				LD_RUNPATH_SEARCH_PATHS = "@executable_path/Frameworks";
				"LD_RUNPATH_SEARCH_PATHS[sdk=macosx*]" = "@executable_path/../Frameworks";
				MACOSX_DEPLOYMENT_TARGET = 14.5;
				MARKETING_VERSION = 1.0;
				PRODUCT_BUNDLE_IDENTIFIER = Javier.ClickaDo;
				PRODUCT_NAME = "$(TARGET_NAME)";
				SDKROOT = auto;
				SUPPORTED_PLATFORMS = "iphoneos iphonesimulator macosx";
				SWIFT_EMIT_LOC_STRINGS = YES;
				SWIFT_VERSION = 5.0;
				TARGETED_DEVICE_FAMILY = "1,2";
			};
			name = Debug;
		};
		3B94E3202C23E35E001FB9B9 /* Release */ = {
			isa = XCBuildConfiguration;
			buildSettings = {
				ASSETCATALOG_COMPILER_APPICON_NAME = AppIcon;
				ASSETCATALOG_COMPILER_GLOBAL_ACCENT_COLOR_NAME = AccentColor;
				CODE_SIGN_ENTITLEMENTS = ClickaDo/ClickaDo.entitlements;
				CODE_SIGN_STYLE = Automatic;
				CURRENT_PROJECT_VERSION = 1;
				DEVELOPMENT_ASSET_PATHS = "\"ClickaDo/Preview Content\"";
				ENABLE_PREVIEWS = YES;
				GENERATE_INFOPLIST_FILE = YES;
				"INFOPLIST_KEY_UIApplicationSceneManifest_Generation[sdk=iphoneos*]" = YES;
				"INFOPLIST_KEY_UIApplicationSceneManifest_Generation[sdk=iphonesimulator*]" = YES;
				"INFOPLIST_KEY_UIApplicationSupportsIndirectInputEvents[sdk=iphoneos*]" = YES;
				"INFOPLIST_KEY_UIApplicationSupportsIndirectInputEvents[sdk=iphonesimulator*]" = YES;
				"INFOPLIST_KEY_UILaunchScreen_Generation[sdk=iphoneos*]" = YES;
				"INFOPLIST_KEY_UILaunchScreen_Generation[sdk=iphonesimulator*]" = YES;
				"INFOPLIST_KEY_UIStatusBarStyle[sdk=iphoneos*]" = UIStatusBarStyleDefault;
				"INFOPLIST_KEY_UIStatusBarStyle[sdk=iphonesimulator*]" = UIStatusBarStyleDefault;
				INFOPLIST_KEY_UISupportedInterfaceOrientations_iPad = "UIInterfaceOrientationPortrait UIInterfaceOrientationPortraitUpsideDown UIInterfaceOrientationLandscapeLeft UIInterfaceOrientationLandscapeRight";
				INFOPLIST_KEY_UISupportedInterfaceOrientations_iPhone = "UIInterfaceOrientationPortrait UIInterfaceOrientationLandscapeLeft UIInterfaceOrientationLandscapeRight";
				IPHONEOS_DEPLOYMENT_TARGET = 17.5;
				LD_RUNPATH_SEARCH_PATHS = "@executable_path/Frameworks";
				"LD_RUNPATH_SEARCH_PATHS[sdk=macosx*]" = "@executable_path/../Frameworks";
				MACOSX_DEPLOYMENT_TARGET = 14.5;
				MARKETING_VERSION = 1.0;
				PRODUCT_BUNDLE_IDENTIFIER = Javier.ClickaDo;
				PRODUCT_NAME = "$(TARGET_NAME)";
				SDKROOT = auto;
				SUPPORTED_PLATFORMS = "iphoneos iphonesimulator macosx";
				SWIFT_EMIT_LOC_STRINGS = YES;
				SWIFT_VERSION = 5.0;
				TARGETED_DEVICE_FAMILY = "1,2";
			};
			name = Release;
		};
		3B94E3222C23E35E001FB9B9 /* Debug */ = {
			isa = XCBuildConfiguration;
			buildSettings = {
				ALWAYS_EMBED_SWIFT_STANDARD_LIBRARIES = YES;
				BUNDLE_LOADER = "$(TEST_HOST)";
				CODE_SIGN_STYLE = Automatic;
				CURRENT_PROJECT_VERSION = 1;
				GENERATE_INFOPLIST_FILE = YES;
				IPHONEOS_DEPLOYMENT_TARGET = 17.5;
				MACOSX_DEPLOYMENT_TARGET = 14.5;
				MARKETING_VERSION = 1.0;
				PRODUCT_BUNDLE_IDENTIFIER = Javier.ClickaDoTests;
				PRODUCT_NAME = "$(TARGET_NAME)";
				SDKROOT = auto;
				SUPPORTED_PLATFORMS = "iphoneos iphonesimulator macosx";
				SWIFT_EMIT_LOC_STRINGS = NO;
				SWIFT_VERSION = 5.0;
				TARGETED_DEVICE_FAMILY = "1,2";
				TEST_HOST = "$(BUILT_PRODUCTS_DIR)/ClickaDo.app/$(BUNDLE_EXECUTABLE_FOLDER_PATH)/ClickaDo";
			};
			name = Debug;
		};
		3B94E3232C23E35E001FB9B9 /* Release */ = {
			isa = XCBuildConfiguration;
			buildSettings = {
				ALWAYS_EMBED_SWIFT_STANDARD_LIBRARIES = YES;
				BUNDLE_LOADER = "$(TEST_HOST)";
				CODE_SIGN_STYLE = Automatic;
				CURRENT_PROJECT_VERSION = 1;
				GENERATE_INFOPLIST_FILE = YES;
				IPHONEOS_DEPLOYMENT_TARGET = 17.5;
				MACOSX_DEPLOYMENT_TARGET = 14.5;
				MARKETING_VERSION = 1.0;
				PRODUCT_BUNDLE_IDENTIFIER = Javier.ClickaDoTests;
				PRODUCT_NAME = "$(TARGET_NAME)";
				SDKROOT = auto;
				SUPPORTED_PLATFORMS = "iphoneos iphonesimulator macosx";
				SWIFT_EMIT_LOC_STRINGS = NO;
				SWIFT_VERSION = 5.0;
				TARGETED_DEVICE_FAMILY = "1,2";
				TEST_HOST = "$(BUILT_PRODUCTS_DIR)/ClickaDo.app/$(BUNDLE_EXECUTABLE_FOLDER_PATH)/ClickaDo";
			};
			name = Release;
		};
		3B94E3252C23E35E001FB9B9 /* Debug */ = {
			isa = XCBuildConfiguration;
			buildSettings = {
				ALWAYS_EMBED_SWIFT_STANDARD_LIBRARIES = YES;
				CODE_SIGN_STYLE = Automatic;
				CURRENT_PROJECT_VERSION = 1;
				GENERATE_INFOPLIST_FILE = YES;
				IPHONEOS_DEPLOYMENT_TARGET = 17.5;
				MACOSX_DEPLOYMENT_TARGET = 14.5;
				MARKETING_VERSION = 1.0;
				PRODUCT_BUNDLE_IDENTIFIER = Javier.ClickaDoUITests;
				PRODUCT_NAME = "$(TARGET_NAME)";
				SDKROOT = auto;
				SUPPORTED_PLATFORMS = "iphoneos iphonesimulator macosx";
				SWIFT_EMIT_LOC_STRINGS = NO;
				SWIFT_VERSION = 5.0;
				TARGETED_DEVICE_FAMILY = "1,2";
				TEST_TARGET_NAME = ClickaDo;
			};
			name = Debug;
		};
		3B94E3262C23E35E001FB9B9 /* Release */ = {
			isa = XCBuildConfiguration;
			buildSettings = {
				ALWAYS_EMBED_SWIFT_STANDARD_LIBRARIES = YES;
				CODE_SIGN_STYLE = Automatic;
				CURRENT_PROJECT_VERSION = 1;
				GENERATE_INFOPLIST_FILE = YES;
				IPHONEOS_DEPLOYMENT_TARGET = 17.5;
				MACOSX_DEPLOYMENT_TARGET = 14.5;
				MARKETING_VERSION = 1.0;
				PRODUCT_BUNDLE_IDENTIFIER = Javier.ClickaDoUITests;
				PRODUCT_NAME = "$(TARGET_NAME)";
				SDKROOT = auto;
				SUPPORTED_PLATFORMS = "iphoneos iphonesimulator macosx";
				SWIFT_EMIT_LOC_STRINGS = NO;
				SWIFT_VERSION = 5.0;
				TARGETED_DEVICE_FAMILY = "1,2";
				TEST_TARGET_NAME = ClickaDo;
			};
			name = Release;
		};
/* End XCBuildConfiguration section */

/* Begin XCConfigurationList section */
		3B94E2F42C23E35D001FB9B9 /* Build configuration list for PBXProject "ClickaDo" */ = {
			isa = XCConfigurationList;
			buildConfigurations = (
				3B94E31C2C23E35E001FB9B9 /* Debug */,
				3B94E31D2C23E35E001FB9B9 /* Release */,
			);
			defaultConfigurationIsVisible = 0;
			defaultConfigurationName = Release;
		};
		3B94E31E2C23E35E001FB9B9 /* Build configuration list for PBXNativeTarget "ClickaDo" */ = {
			isa = XCConfigurationList;
			buildConfigurations = (
				3B94E31F2C23E35E001FB9B9 /* Debug */,
				3B94E3202C23E35E001FB9B9 /* Release */,
			);
			defaultConfigurationIsVisible = 0;
			defaultConfigurationName = Release;
		};
		3B94E3212C23E35E001FB9B9 /* Build configuration list for PBXNativeTarget "ClickaDoTests" */ = {
			isa = XCConfigurationList;
			buildConfigurations = (
				3B94E3222C23E35E001FB9B9 /* Debug */,
				3B94E3232C23E35E001FB9B9 /* Release */,
			);
			defaultConfigurationIsVisible = 0;
			defaultConfigurationName = Release;
		};
		3B94E3242C23E35E001FB9B9 /* Build configuration list for PBXNativeTarget "ClickaDoUITests" */ = {
			isa = XCConfigurationList;
			buildConfigurations = (
				3B94E3252C23E35E001FB9B9 /* Debug */,
				3B94E3262C23E35E001FB9B9 /* Release */,
			);
			defaultConfigurationIsVisible = 0;
			defaultConfigurationName = Release;
		};
/* End XCConfigurationList section */
	};
	rootObject = 3B94E2F12C23E35D001FB9B9 /* Project object */;
}
